// !$*UTF8*$!
{
	archiveVersion = 1;
	classes = {
	};
	objectVersion = 46;
	objects = {

/* Begin PBXBuildFile section */
		D605141517EFCC6500BAC816 /* Foundation.framework in Frameworks */ = {isa = PBXBuildFile; fileRef = D605140717EFCB5B00BAC816 /* Foundation.framework */; };
		D605141717EFCC6A00BAC816 /* Security.framework in Frameworks */ = {isa = PBXBuildFile; fileRef = D605141617EFCC6A00BAC816 /* Security.framework */; };
		D605141A17EFCC9500BAC816 /* cocoasudo in Resources */ = {isa = PBXBuildFile; fileRef = D605140617EFCB5B00BAC816 /* cocoasudo */; };
		D605142417F0C5F200BAC816 /* Security.framework in Frameworks */ = {isa = PBXBuildFile; fileRef = D605141617EFCC6A00BAC816 /* Security.framework */; };
		D64CA6CF17EDF89C00522544 /* Cocoa.framework in Frameworks */ = {isa = PBXBuildFile; fileRef = D64CA6CE17EDF89C00522544 /* Cocoa.framework */; };
		D6780FF317F118B500A3BBD8 /* UninstallerIcon.icns in Resources */ = {isa = PBXBuildFile; fileRef = D6780FF017F118B500A3BBD8 /* UninstallerIcon.icns */; };
		D6780FFA17F1199700A3BBD8 /* Localizable.strings in Resources */ = {isa = PBXBuildFile; fileRef = D6780FF717F1199700A3BBD8 /* Localizable.strings */; };
		D6780FFC17F11A2900A3BBD8 /* cocoasudo.mm in Sources */ = {isa = PBXBuildFile; fileRef = D6780FFB17F11A2900A3BBD8 /* cocoasudo.mm */; };
		D678100817F11C5200A3BBD8 /* main.mm in Sources */ = {isa = PBXBuildFile; fileRef = D6780FFE17F11AD900A3BBD8 /* main.mm */; };
		D678100A17F11C5200A3BBD8 /* ScriptLauncher.mm in Sources */ = {isa = PBXBuildFile; fileRef = D678100017F11AD900A3BBD8 /* ScriptLauncher.mm */; };
		D678100C17F11C5200A3BBD8 /* UninstallDialog.mm in Sources */ = {isa = PBXBuildFile; fileRef = D678100217F11AD900A3BBD8 /* UninstallDialog.mm */; };
		D678100D17F11C6700A3BBD8 /* UninstallDialog.xib in Sources */ = {isa = PBXBuildFile; fileRef = D678100317F11AD900A3BBD8 /* UninstallDialog.xib */; };
		D678100E17F11CE200A3BBD8 /* uninstall.applescript in Resources */ = {isa = PBXBuildFile; fileRef = D6780FEE17F118B500A3BBD8 /* uninstall.applescript */; };
		D678109017F13C0100A3BBD8 /* MainMenu.xib in Resources */ = {isa = PBXBuildFile; fileRef = D678108F17F13C0100A3BBD8 /* MainMenu.xib */; };
		D678109317F13C6A00A3BBD8 /* AppDelegate.mm in Sources */ = {isa = PBXBuildFile; fileRef = D678109217F13C6A00A3BBD8 /* AppDelegate.mm */; };
		D6AE595B17F1182E00B8CE99 /* OverlayIcon.png in Resources */ = {isa = PBXBuildFile; fileRef = D6AE595717F1182E00B8CE99 /* OverlayIcon.png */; };
/* End PBXBuildFile section */

/* Begin PBXContainerItemProxy section */
		D605141817EFCC8100BAC816 /* PBXContainerItemProxy */ = {
			isa = PBXContainerItemProxy;
			containerPortal = D64CA6C317EDF89C00522544 /* Project object */;
			proxyType = 1;
			remoteGlobalIDString = D605140517EFCB5B00BAC816;
			remoteInfo = cocoasudo;
		};
/* End PBXContainerItemProxy section */

/* Begin PBXCopyFilesBuildPhase section */
		D605140417EFCB5B00BAC816 /* CopyFiles */ = {
			isa = PBXCopyFilesBuildPhase;
			buildActionMask = 2147483647;
			dstPath = /usr/share/man/man1/;
			dstSubfolderSpec = 0;
			files = (
			);
			runOnlyForDeploymentPostprocessing = 1;
		};
/* End PBXCopyFilesBuildPhase section */

/* Begin PBXFileReference section */
		D605140617EFCB5B00BAC816 /* cocoasudo */ = {isa = PBXFileReference; explicitFileType = "compiled.mach-o.executable"; includeInIndex = 0; path = cocoasudo; sourceTree = BUILT_PRODUCTS_DIR; };
		D605140717EFCB5B00BAC816 /* Foundation.framework */ = {isa = PBXFileReference; lastKnownFileType = wrapper.framework; name = Foundation.framework; path = System/Library/Frameworks/Foundation.framework; sourceTree = SDKROOT; };
		D605141617EFCC6A00BAC816 /* Security.framework */ = {isa = PBXFileReference; lastKnownFileType = wrapper.framework; name = Security.framework; path = System/Library/Frameworks/Security.framework; sourceTree = SDKROOT; };
		D62ACF0F18181D64007FF9AD /* Dutch */ = {isa = PBXFileReference; lastKnownFileType = text.plist.strings; name = Dutch; path = "../uninstaller-resources/nl.lproj/Localizable.strings"; sourceTree = "<group>"; };
		D636C966186E51A7005200EF /* zh_CN */ = {isa = PBXFileReference; lastKnownFileType = text.plist.strings; name = zh_CN; path = "../uninstaller-resources/zh_CN.lproj/Localizable.strings"; sourceTree = "<group>"; };
		D636C967186E51AE005200EF /* Polish */ = {isa = PBXFileReference; lastKnownFileType = text.plist.strings; name = Polish; path = "../uninstaller-resources/pl.lproj/Localizable.strings"; sourceTree = "<group>"; };
		D636C968186E51AE005200EF /* Portuguese */ = {isa = PBXFileReference; lastKnownFileType = text.plist.strings; name = Portuguese; path = "../uninstaller-resources/pt.lproj/Localizable.strings"; sourceTree = "<group>"; };
		D636C969186E51AE005200EF /* Russian */ = {isa = PBXFileReference; lastKnownFileType = text.plist.strings; name = Russian; path = "../uninstaller-resources/ru.lproj/Localizable.strings"; sourceTree = "<group>"; };
		D636C96B186E51B5005200EF /* Hindi */ = {isa = PBXFileReference; lastKnownFileType = text.plist.strings; name = Hindi; path = "../uninstaller-resources/hi.lproj/Localizable.strings"; sourceTree = "<group>"; };
		D636C96C186E51B5005200EF /* Japanese */ = {isa = PBXFileReference; lastKnownFileType = text.plist.strings; name = Japanese; path = "../uninstaller-resources/ja.lproj/Localizable.strings"; sourceTree = "<group>"; };
		D636C96D186E51B5005200EF /* ko */ = {isa = PBXFileReference; lastKnownFileType = text.plist.strings; name = ko; path = "../uninstaller-resources/ko.lproj/Localizable.strings"; sourceTree = "<group>"; };
		D636C96E186E51BB005200EF /* Croatian */ = {isa = PBXFileReference; lastKnownFileType = text.plist.strings; name = Croatian; path = "../uninstaller-resources/hr.lproj/Localizable.strings"; sourceTree = "<group>"; };
		D6407F6917FA719D001D1D21 /* Uninstaller_Debug_cocoasudo.xcconfig */ = {isa = PBXFileReference; fileEncoding = 4; lastKnownFileType = text.xcconfig; name = Uninstaller_Debug_cocoasudo.xcconfig; path = Uninstaller.xcconfigs/Uninstaller_Debug_cocoasudo.xcconfig; sourceTree = "<group>"; };
		D6407F6A17FA719D001D1D21 /* Uninstaller_Debug_Uninstaller.xcconfig */ = {isa = PBXFileReference; fileEncoding = 4; lastKnownFileType = text.xcconfig; name = Uninstaller_Debug_Uninstaller.xcconfig; path = Uninstaller.xcconfigs/Uninstaller_Debug_Uninstaller.xcconfig; sourceTree = "<group>"; };
		D6407F6B17FA719D001D1D21 /* Uninstaller_Release_cocoasudo.xcconfig */ = {isa = PBXFileReference; fileEncoding = 4; lastKnownFileType = text.xcconfig; name = Uninstaller_Release_cocoasudo.xcconfig; path = Uninstaller.xcconfigs/Uninstaller_Release_cocoasudo.xcconfig; sourceTree = "<group>"; };
		D6407F6C17FA719D001D1D21 /* Uninstaller_Release_Uninstaller.xcconfig */ = {isa = PBXFileReference; fileEncoding = 4; lastKnownFileType = text.xcconfig; name = Uninstaller_Release_Uninstaller.xcconfig; path = Uninstaller.xcconfigs/Uninstaller_Release_Uninstaller.xcconfig; sourceTree = "<group>"; };
		D6407F7117FA72CA001D1D21 /* cocoasudo-Prefix.pch */ = {isa = PBXFileReference; lastKnownFileType = sourcecode.c.h; path = "cocoasudo-Prefix.pch"; sourceTree = "<group>"; };
		D64CA6CB17EDF89C00522544 /* TotalFinder Uninstaller.app */ = {isa = PBXFileReference; explicitFileType = wrapper.application; includeInIndex = 0; path = "TotalFinder Uninstaller.app"; sourceTree = BUILT_PRODUCTS_DIR; };
		D64CA6CE17EDF89C00522544 /* Cocoa.framework */ = {isa = PBXFileReference; lastKnownFileType = wrapper.framework; name = Cocoa.framework; path = System/Library/Frameworks/Cocoa.framework; sourceTree = SDKROOT; };
		D64CA6D117EDF89C00522544 /* AppKit.framework */ = {isa = PBXFileReference; lastKnownFileType = wrapper.framework; name = AppKit.framework; path = System/Library/Frameworks/AppKit.framework; sourceTree = SDKROOT; };
		D64CA6D217EDF89C00522544 /* CoreData.framework */ = {isa = PBXFileReference; lastKnownFileType = wrapper.framework; name = CoreData.framework; path = System/Library/Frameworks/CoreData.framework; sourceTree = SDKROOT; };
		D64CA6D317EDF89C00522544 /* Foundation.framework */ = {isa = PBXFileReference; lastKnownFileType = wrapper.framework; name = Foundation.framework; path = System/Library/Frameworks/Foundation.framework; sourceTree = SDKROOT; };
		D6780FEE17F118B500A3BBD8 /* uninstall.applescript */ = {isa = PBXFileReference; fileEncoding = 4; lastKnownFileType = sourcecode.applescript; path = uninstall.applescript; sourceTree = "<group>"; };
		D6780FEF17F118B500A3BBD8 /* Uninstaller-Info.plist */ = {isa = PBXFileReference; fileEncoding = 4; lastKnownFileType = text.plist.xml; path = "Uninstaller-Info.plist"; sourceTree = "<group>"; };
		D6780FF017F118B500A3BBD8 /* UninstallerIcon.icns */ = {isa = PBXFileReference; lastKnownFileType = image.icns; path = UninstallerIcon.icns; sourceTree = "<group>"; };
		D6780FF817F1199700A3BBD8 /* Czech */ = {isa = PBXFileReference; lastKnownFileType = text.plist.strings; name = Czech; path = cs.lproj/Localizable.strings; sourceTree = "<group>"; };
		D6780FF917F1199700A3BBD8 /* English */ = {isa = PBXFileReference; lastKnownFileType = text.plist.strings; name = English; path = en.lproj/Localizable.strings; sourceTree = "<group>"; };
		D6780FFB17F11A2900A3BBD8 /* cocoasudo.mm */ = {isa = PBXFileReference; fileEncoding = 4; lastKnownFileType = sourcecode.cpp.objcpp; path = cocoasudo.mm; sourceTree = SOURCE_ROOT; };
		D6780FFE17F11AD900A3BBD8 /* main.mm */ = {isa = PBXFileReference; fileEncoding = 4; lastKnownFileType = sourcecode.cpp.objcpp; path = main.mm; sourceTree = SOURCE_ROOT; };
		D6780FFF17F11AD900A3BBD8 /* ScriptLauncher.h */ = {isa = PBXFileReference; fileEncoding = 4; lastKnownFileType = sourcecode.c.h; path = ScriptLauncher.h; sourceTree = SOURCE_ROOT; };
		D678100017F11AD900A3BBD8 /* ScriptLauncher.mm */ = {isa = PBXFileReference; fileEncoding = 4; lastKnownFileType = sourcecode.cpp.objcpp; path = ScriptLauncher.mm; sourceTree = SOURCE_ROOT; };
		D678100117F11AD900A3BBD8 /* UninstallDialog.h */ = {isa = PBXFileReference; fileEncoding = 4; lastKnownFileType = sourcecode.c.h; path = UninstallDialog.h; sourceTree = SOURCE_ROOT; };
		D678100217F11AD900A3BBD8 /* UninstallDialog.mm */ = {isa = PBXFileReference; fileEncoding = 4; lastKnownFileType = sourcecode.cpp.objcpp; path = UninstallDialog.mm; sourceTree = SOURCE_ROOT; };
		D678100317F11AD900A3BBD8 /* UninstallDialog.xib */ = {isa = PBXFileReference; fileEncoding = 4; lastKnownFileType = file.xib; path = UninstallDialog.xib; sourceTree = SOURCE_ROOT; };
		D678100417F11AD900A3BBD8 /* Uninstaller.pch */ = {isa = PBXFileReference; fileEncoding = 4; lastKnownFileType = sourcecode.c.h; path = Uninstaller.pch; sourceTree = SOURCE_ROOT; };
		D678108F17F13C0100A3BBD8 /* MainMenu.xib */ = {isa = PBXFileReference; fileEncoding = 4; lastKnownFileType = file.xib; path = MainMenu.xib; sourceTree = SOURCE_ROOT; };
		D678109117F13C6A00A3BBD8 /* AppDelegate.h */ = {isa = PBXFileReference; fileEncoding = 4; lastKnownFileType = sourcecode.c.h; path = AppDelegate.h; sourceTree = SOURCE_ROOT; };
		D678109217F13C6A00A3BBD8 /* AppDelegate.mm */ = {isa = PBXFileReference; fileEncoding = 4; lastKnownFileType = sourcecode.cpp.objcpp; path = AppDelegate.mm; sourceTree = SOURCE_ROOT; };
		D67B435319AC97E300E1F8AE /* German */ = {isa = PBXFileReference; lastKnownFileType = text.plist.strings; name = German; path = "../uninstaller-resources/de.lproj/Localizable.strings"; sourceTree = "<group>"; };
		D67B435419AC97E300E1F8AE /* Indonesian */ = {isa = PBXFileReference; lastKnownFileType = text.plist.strings; name = Indonesian; path = "../uninstaller-resources/id.lproj/Localizable.strings"; sourceTree = "<group>"; };
		D67B435519AC97E300E1F8AE /* Malay */ = {isa = PBXFileReference; lastKnownFileType = text.plist.strings; name = Malay; path = "../uninstaller-resources/ms.lproj/Localizable.strings"; sourceTree = "<group>"; };
		D67B502E18B34BB700FB4D62 /* Bengali */ = {isa = PBXFileReference; lastKnownFileType = text.plist.strings; name = Bengali; path = "../uninstaller-resources/bn.lproj/Localizable.strings"; sourceTree = "<group>"; };
		D67B502F18B34BB700FB4D62 /* Vietnamese */ = {isa = PBXFileReference; lastKnownFileType = text.plist.strings; name = Vietnamese; path = "../uninstaller-resources/vi.lproj/Localizable.strings"; sourceTree = "<group>"; };
		D6AE595717F1182E00B8CE99 /* OverlayIcon.png */ = {isa = PBXFileReference; lastKnownFileType = image.png; path = OverlayIcon.png; sourceTree = "<group>"; };
		D6D55BAC1B0C4D3900227B08 /* Uninstaller_ReleaseLogging_cocoasudo.xcconfig */ = {isa = PBXFileReference; fileEncoding = 4; lastKnownFileType = text.xcconfig; name = Uninstaller_ReleaseLogging_cocoasudo.xcconfig; path = Uninstaller.xcconfigs/Uninstaller_ReleaseLogging_cocoasudo.xcconfig; sourceTree = "<group>"; };
		D6D55BAD1B0C4D3900227B08 /* Uninstaller_ReleaseLogging_Uninstaller.xcconfig */ = {isa = PBXFileReference; fileEncoding = 4; lastKnownFileType = text.xcconfig; name = Uninstaller_ReleaseLogging_Uninstaller.xcconfig; path = Uninstaller.xcconfigs/Uninstaller_ReleaseLogging_Uninstaller.xcconfig; sourceTree = "<group>"; };
/* End PBXFileReference section */

/* Begin PBXFrameworksBuildPhase section */
		D605140317EFCB5B00BAC816 /* Frameworks */ = {
			isa = PBXFrameworksBuildPhase;
			buildActionMask = 2147483647;
			files = (
				D605141717EFCC6A00BAC816 /* Security.framework in Frameworks */,
				D605141517EFCC6500BAC816 /* Foundation.framework in Frameworks */,
			);
			runOnlyForDeploymentPostprocessing = 0;
		};
		D64CA6C817EDF89C00522544 /* Frameworks */ = {
			isa = PBXFrameworksBuildPhase;
			buildActionMask = 2147483647;
			files = (
				D605142417F0C5F200BAC816 /* Security.framework in Frameworks */,
				D64CA6CF17EDF89C00522544 /* Cocoa.framework in Frameworks */,
			);
			runOnlyForDeploymentPostprocessing = 0;
		};
/* End PBXFrameworksBuildPhase section */

/* Begin PBXGroup section */
		D6407F6817FA7191001D1D21 /* Configs */ = {
			isa = PBXGroup;
			children = (
				D6D55BAC1B0C4D3900227B08 /* Uninstaller_ReleaseLogging_cocoasudo.xcconfig */,
				D6D55BAD1B0C4D3900227B08 /* Uninstaller_ReleaseLogging_Uninstaller.xcconfig */,
				D6407F6917FA719D001D1D21 /* Uninstaller_Debug_cocoasudo.xcconfig */,
				D6407F6A17FA719D001D1D21 /* Uninstaller_Debug_Uninstaller.xcconfig */,
				D6407F6B17FA719D001D1D21 /* Uninstaller_Release_cocoasudo.xcconfig */,
				D6407F6C17FA719D001D1D21 /* Uninstaller_Release_Uninstaller.xcconfig */,
			);
			name = Configs;
			sourceTree = "<group>";
		};
		D64CA6C217EDF89C00522544 = {
			isa = PBXGroup;
			children = (
				D6407F6817FA7191001D1D21 /* Configs */,
				D6780FFD17F11A4600A3BBD8 /* CocoaSudo */,
				D64CA6D417EDF89C00522544 /* Uninstaller */,
				D64CA6CD17EDF89C00522544 /* Frameworks */,
				D64CA6CC17EDF89C00522544 /* Products */,
			);
			indentWidth = 2;
			sourceTree = "<group>";
			tabWidth = 2;
		};
		D64CA6CC17EDF89C00522544 /* Products */ = {
			isa = PBXGroup;
			children = (
				D64CA6CB17EDF89C00522544 /* TotalFinder Uninstaller.app */,
				D605140617EFCB5B00BAC816 /* cocoasudo */,
			);
			name = Products;
			sourceTree = "<group>";
		};
		D64CA6CD17EDF89C00522544 /* Frameworks */ = {
			isa = PBXGroup;
			children = (
				D605141617EFCC6A00BAC816 /* Security.framework */,
				D64CA6CE17EDF89C00522544 /* Cocoa.framework */,
				D605140717EFCB5B00BAC816 /* Foundation.framework */,
				D64CA6D017EDF89C00522544 /* Other Frameworks */,
			);
			name = Frameworks;
			sourceTree = "<group>";
		};
		D64CA6D017EDF89C00522544 /* Other Frameworks */ = {
			isa = PBXGroup;
			children = (
				D64CA6D117EDF89C00522544 /* AppKit.framework */,
				D64CA6D217EDF89C00522544 /* CoreData.framework */,
				D64CA6D317EDF89C00522544 /* Foundation.framework */,
			);
			name = "Other Frameworks";
			sourceTree = "<group>";
		};
		D64CA6D417EDF89C00522544 /* Uninstaller */ = {
			isa = PBXGroup;
			children = (
				D6780FFE17F11AD900A3BBD8 /* main.mm */,
				D678108F17F13C0100A3BBD8 /* MainMenu.xib */,
				D678109117F13C6A00A3BBD8 /* AppDelegate.h */,
				D678109217F13C6A00A3BBD8 /* AppDelegate.mm */,
				D6780FFF17F11AD900A3BBD8 /* ScriptLauncher.h */,
				D678100017F11AD900A3BBD8 /* ScriptLauncher.mm */,
				D678100117F11AD900A3BBD8 /* UninstallDialog.h */,
				D678100217F11AD900A3BBD8 /* UninstallDialog.mm */,
				D678100317F11AD900A3BBD8 /* UninstallDialog.xib */,
				D678100417F11AD900A3BBD8 /* Uninstaller.pch */,
				D6AE593C17F1176600B8CE99 /* Resources */,
			);
			path = Uninstaller;
			sourceTree = "<group>";
		};
		D6780FFD17F11A4600A3BBD8 /* CocoaSudo */ = {
			isa = PBXGroup;
			children = (
				D6780FFB17F11A2900A3BBD8 /* cocoasudo.mm */,
				D6407F7117FA72CA001D1D21 /* cocoasudo-Prefix.pch */,
			);
			name = CocoaSudo;
			sourceTree = "<group>";
		};
		D6AE593C17F1176600B8CE99 /* Resources */ = {
			isa = PBXGroup;
			children = (
				D6780FF717F1199700A3BBD8 /* Localizable.strings */,
				D6780FEE17F118B500A3BBD8 /* uninstall.applescript */,
				D6780FEF17F118B500A3BBD8 /* Uninstaller-Info.plist */,
				D6780FF017F118B500A3BBD8 /* UninstallerIcon.icns */,
				D6AE595717F1182E00B8CE99 /* OverlayIcon.png */,
			);
			name = Resources;
			path = "../uninstaller-resources";
			sourceTree = SOURCE_ROOT;
		};
/* End PBXGroup section */

/* Begin PBXNativeTarget section */
		D605140517EFCB5B00BAC816 /* cocoasudo */ = {
			isa = PBXNativeTarget;
			buildConfigurationList = D605141017EFCB5B00BAC816 /* Build configuration list for PBXNativeTarget "cocoasudo" */;
			buildPhases = (
				D605140217EFCB5B00BAC816 /* Sources */,
				D605140317EFCB5B00BAC816 /* Frameworks */,
				D605140417EFCB5B00BAC816 /* CopyFiles */,
			);
			buildRules = (
			);
			dependencies = (
			);
			name = cocoasudo;
			productName = cocoasudo;
			productReference = D605140617EFCB5B00BAC816 /* cocoasudo */;
			productType = "com.apple.product-type.tool";
		};
		D64CA6CA17EDF89C00522544 /* Uninstaller */ = {
			isa = PBXNativeTarget;
			buildConfigurationList = D64CA6FC17EDF89C00522544 /* Build configuration list for PBXNativeTarget "Uninstaller" */;
			buildPhases = (
				D64CA6C717EDF89C00522544 /* Sources */,
				D64CA6C817EDF89C00522544 /* Frameworks */,
				D64CA6C917EDF89C00522544 /* Resources */,
			);
			buildRules = (
			);
			dependencies = (
				D605141917EFCC8100BAC816 /* PBXTargetDependency */,
			);
			name = Uninstaller;
			productName = Uninstaller;
			productReference = D64CA6CB17EDF89C00522544 /* TotalFinder Uninstaller.app */;
			productType = "com.apple.product-type.application";
		};
/* End PBXNativeTarget section */

/* Begin PBXProject section */
		D64CA6C317EDF89C00522544 /* Project object */ = {
			isa = PBXProject;
			attributes = {
				LastUpgradeCheck = 0800;
				ORGANIZATIONNAME = BinaryAge;
			};
			buildConfigurationList = D64CA6C617EDF89C00522544 /* Build configuration list for PBXProject "Uninstaller" */;
			compatibilityVersion = "Xcode 3.2";
			developmentRegion = English;
			hasScannedForEncodings = 0;
			knownRegions = (
				en,
				Base,
				Czech,
				English,
				Dutch,
				zh_CN,
				Polish,
				Portuguese,
				Russian,
				Hindi,
				Japanese,
				ko,
				Croatian,
				Bengali,
				Vietnamese,
				German,
				Indonesian,
				Malay,
			);
			mainGroup = D64CA6C217EDF89C00522544;
			productRefGroup = D64CA6CC17EDF89C00522544 /* Products */;
			projectDirPath = "";
			projectRoot = "";
			targets = (
				D64CA6CA17EDF89C00522544 /* Uninstaller */,
				D605140517EFCB5B00BAC816 /* cocoasudo */,
			);
		};
/* End PBXProject section */

/* Begin PBXResourcesBuildPhase section */
		D64CA6C917EDF89C00522544 /* Resources */ = {
			isa = PBXResourcesBuildPhase;
			buildActionMask = 2147483647;
			files = (
				D678100E17F11CE200A3BBD8 /* uninstall.applescript in Resources */,
				D6AE595B17F1182E00B8CE99 /* OverlayIcon.png in Resources */,
				D6780FFA17F1199700A3BBD8 /* Localizable.strings in Resources */,
				D6780FF317F118B500A3BBD8 /* UninstallerIcon.icns in Resources */,
				D678109017F13C0100A3BBD8 /* MainMenu.xib in Resources */,
				D605141A17EFCC9500BAC816 /* cocoasudo in Resources */,
			);
			runOnlyForDeploymentPostprocessing = 0;
		};
/* End PBXResourcesBuildPhase section */

/* Begin PBXSourcesBuildPhase section */
		D605140217EFCB5B00BAC816 /* Sources */ = {
			isa = PBXSourcesBuildPhase;
			buildActionMask = 2147483647;
			files = (
				D6780FFC17F11A2900A3BBD8 /* cocoasudo.mm in Sources */,
			);
			runOnlyForDeploymentPostprocessing = 0;
		};
		D64CA6C717EDF89C00522544 /* Sources */ = {
			isa = PBXSourcesBuildPhase;
			buildActionMask = 2147483647;
			files = (
				D678100D17F11C6700A3BBD8 /* UninstallDialog.xib in Sources */,
				D678100817F11C5200A3BBD8 /* main.mm in Sources */,
				D678100A17F11C5200A3BBD8 /* ScriptLauncher.mm in Sources */,
				D678100C17F11C5200A3BBD8 /* UninstallDialog.mm in Sources */,
				D678109317F13C6A00A3BBD8 /* AppDelegate.mm in Sources */,
			);
			runOnlyForDeploymentPostprocessing = 0;
		};
/* End PBXSourcesBuildPhase section */

/* Begin PBXTargetDependency section */
		D605141917EFCC8100BAC816 /* PBXTargetDependency */ = {
			isa = PBXTargetDependency;
			target = D605140517EFCB5B00BAC816 /* cocoasudo */;
			targetProxy = D605141817EFCC8100BAC816 /* PBXContainerItemProxy */;
		};
/* End PBXTargetDependency section */

/* Begin PBXVariantGroup section */
		D6780FF717F1199700A3BBD8 /* Localizable.strings */ = {
			isa = PBXVariantGroup;
			children = (
				D6780FF817F1199700A3BBD8 /* Czech */,
				D6780FF917F1199700A3BBD8 /* English */,
				D62ACF0F18181D64007FF9AD /* Dutch */,
				D636C966186E51A7005200EF /* zh_CN */,
				D636C967186E51AE005200EF /* Polish */,
				D636C968186E51AE005200EF /* Portuguese */,
				D636C969186E51AE005200EF /* Russian */,
				D636C96B186E51B5005200EF /* Hindi */,
				D636C96C186E51B5005200EF /* Japanese */,
				D636C96D186E51B5005200EF /* ko */,
				D636C96E186E51BB005200EF /* Croatian */,
				D67B502E18B34BB700FB4D62 /* Bengali */,
				D67B502F18B34BB700FB4D62 /* Vietnamese */,
				D67B435319AC97E300E1F8AE /* German */,
				D67B435419AC97E300E1F8AE /* Indonesian */,
				D67B435519AC97E300E1F8AE /* Malay */,
			);
			name = Localizable.strings;
			sourceTree = "<group>";
		};
/* End PBXVariantGroup section */

/* Begin XCBuildConfiguration section */
		D605141117EFCB5B00BAC816 /* Debug */ = {
			isa = XCBuildConfiguration;
			baseConfigurationReference = D6407F6917FA719D001D1D21 /* Uninstaller_Debug_cocoasudo.xcconfig */;
			buildSettings = {
			};
			name = Debug;
		};
		D605141217EFCB5B00BAC816 /* Release */ = {
			isa = XCBuildConfiguration;
			baseConfigurationReference = D6407F6B17FA719D001D1D21 /* Uninstaller_Release_cocoasudo.xcconfig */;
			buildSettings = {
			};
			name = Release;
		};
		D64CA6FA17EDF89C00522544 /* Debug */ = {
			isa = XCBuildConfiguration;
			buildSettings = {
				ENABLE_TESTABILITY = YES;
				ONLY_ACTIVE_ARCH = YES;
			};
			name = Debug;
		};
		D64CA6FB17EDF89C00522544 /* Release */ = {
			isa = XCBuildConfiguration;
			buildSettings = {
			};
			name = Release;
		};
		D64CA6FD17EDF89C00522544 /* Debug */ = {
			isa = XCBuildConfiguration;
			baseConfigurationReference = D6407F6A17FA719D001D1D21 /* Uninstaller_Debug_Uninstaller.xcconfig */;
			buildSettings = {
				PRODUCT_BUNDLE_IDENTIFIER = com.binaryage.totalfinder.uninstaller;
				SDKROOT = macosx;
			};
			name = Debug;
		};
		D64CA6FE17EDF89C00522544 /* Release */ = {
			isa = XCBuildConfiguration;
			baseConfigurationReference = D6407F6C17FA719D001D1D21 /* Uninstaller_Release_Uninstaller.xcconfig */;
			buildSettings = {
				PRODUCT_BUNDLE_IDENTIFIER = com.binaryage.totalfinder.uninstaller;
				SDKROOT = macosx;
			};
			name = Release;
		};
		D6D55B681B0C3D3600227B08 /* ReleaseLogging */ = {
			isa = XCBuildConfiguration;
			buildSettings = {
			};
			name = ReleaseLogging;
		};
		D6D55B691B0C3D3600227B08 /* ReleaseLogging */ = {
			isa = XCBuildConfiguration;
			baseConfigurationReference = D6D55BAD1B0C4D3900227B08 /* Uninstaller_ReleaseLogging_Uninstaller.xcconfig */;
			buildSettings = {
				PRODUCT_BUNDLE_IDENTIFIER = com.binaryage.totalfinder.uninstaller;
				SDKROOT = macosx;
			};
			name = ReleaseLogging;
		};
		D6D55B6A1B0C3D3600227B08 /* ReleaseLogging */ = {
			isa = XCBuildConfiguration;
			baseConfigurationReference = D6D55BAC1B0C4D3900227B08 /* Uninstaller_ReleaseLogging_cocoasudo.xcconfig */;
			buildSettings = {
			};
			name = ReleaseLogging;
		};
/* End XCBuildConfiguration section */

/* Begin XCConfigurationList section */
		D605141017EFCB5B00BAC816 /* Build configuration list for PBXNativeTarget "cocoasudo" */ = {
			isa = XCConfigurationList;
			buildConfigurations = (
				D605141117EFCB5B00BAC816 /* Debug */,
				D605141217EFCB5B00BAC816 /* Release */,
				D6D55B6A1B0C3D3600227B08 /* ReleaseLogging */,
			);
			defaultConfigurationIsVisible = 0;
			defaultConfigurationName = Release;
		};
		D64CA6C617EDF89C00522544 /* Build configuration list for PBXProject "Uninstaller" */ = {
			isa = XCConfigurationList;
			buildConfigurations = (
				D64CA6FA17EDF89C00522544 /* Debug */,
				D64CA6FB17EDF89C00522544 /* Release */,
				D6D55B681B0C3D3600227B08 /* ReleaseLogging */,
			);
			defaultConfigurationIsVisible = 0;
			defaultConfigurationName = Release;
		};
		D64CA6FC17EDF89C00522544 /* Build configuration list for PBXNativeTarget "Uninstaller" */ = {
			isa = XCConfigurationList;
			buildConfigurations = (
				D64CA6FD17EDF89C00522544 /* Debug */,
				D64CA6FE17EDF89C00522544 /* Release */,
				D6D55B691B0C3D3600227B08 /* ReleaseLogging */,
			);
			defaultConfigurationIsVisible = 0;
			defaultConfigurationName = Release;
		};
/* End XCConfigurationList section */
	};
	rootObject = D64CA6C317EDF89C00522544 /* Project object */;
}
